// !$*UTF8*$!
{
	archiveVersion = 1;
	classes = {
	};
	objectVersion = 56;
	objects = {

/* Begin PBXBuildFile section */
		DDA02B1F2971A1D2007AE0F3 /* SearchImageApp.swift in Sources */ = {isa = PBXBuildFile; fileRef = DDA02B1E2971A1D2007AE0F3 /* SearchImageApp.swift */; };
		DDA02B212971A1D2007AE0F3 /* SearchImageView.swift in Sources */ = {isa = PBXBuildFile; fileRef = DDA02B202971A1D2007AE0F3 /* SearchImageView.swift */; };
		DDA02B232971A1D4007AE0F3 /* Assets.xcassets in Resources */ = {isa = PBXBuildFile; fileRef = DDA02B222971A1D4007AE0F3 /* Assets.xcassets */; };
		DDA02B262971A1D4007AE0F3 /* Preview Assets.xcassets in Resources */ = {isa = PBXBuildFile; fileRef = DDA02B252971A1D4007AE0F3 /* Preview Assets.xcassets */; };
		DDA02B302971A1D4007AE0F3 /* SearchImageTests.swift in Sources */ = {isa = PBXBuildFile; fileRef = DDA02B2F2971A1D4007AE0F3 /* SearchImageTests.swift */; };
		DDA02B3A2971A1D4007AE0F3 /* SearchImageUITests.swift in Sources */ = {isa = PBXBuildFile; fileRef = DDA02B392971A1D4007AE0F3 /* SearchImageUITests.swift */; };
		DDA02B3C2971A1D4007AE0F3 /* SearchImageUITestsLaunchTests.swift in Sources */ = {isa = PBXBuildFile; fileRef = DDA02B3B2971A1D4007AE0F3 /* SearchImageUITestsLaunchTests.swift */; };
		DDF72DE82972569B003591D7 /* String+Extension.swift in Sources */ = {isa = PBXBuildFile; fileRef = DDF72DE72972569B003591D7 /* String+Extension.swift */; };
		DDF72DEA297256A3003591D7 /* Int+Extension.swift in Sources */ = {isa = PBXBuildFile; fileRef = DDF72DE9297256A3003591D7 /* Int+Extension.swift */; };
		DDF72DED29725F13003591D7 /* Nuke in Frameworks */ = {isa = PBXBuildFile; productRef = DDF72DEC29725F13003591D7 /* Nuke */; };
		DDF72DEF29725F13003591D7 /* NukeUI in Frameworks */ = {isa = PBXBuildFile; productRef = DDF72DEE29725F13003591D7 /* NukeUI */; };
		DDF72DF12973BBB1003591D7 /* ImageDetailView.swift in Sources */ = {isa = PBXBuildFile; fileRef = DDF72DF02973BBB1003591D7 /* ImageDetailView.swift */; };
		DDF72DF42973BBC8003591D7 /* ImageDetail.swift in Sources */ = {isa = PBXBuildFile; fileRef = DDF72DF32973BBC8003591D7 /* ImageDetail.swift */; };
		DDFD06762972529600D809C7 /* ComposableArchitecture in Frameworks */ = {isa = PBXBuildFile; productRef = DDFD06752972529600D809C7 /* ComposableArchitecture */; };
		DDFD0678297252AD00D809C7 /* SearchImage.swift in Sources */ = {isa = PBXBuildFile; fileRef = DDFD0677297252AD00D809C7 /* SearchImage.swift */; };
		DDFD067C2972539800D809C7 /* SearchImageClient.swift in Sources */ = {isa = PBXBuildFile; fileRef = DDFD067B2972539800D809C7 /* SearchImageClient.swift */; };
		DDFD06842972543F00D809C7 /* SearchImageResponse.swift in Sources */ = {isa = PBXBuildFile; fileRef = DDFD06832972543F00D809C7 /* SearchImageResponse.swift */; };
/* End PBXBuildFile section */

/* Begin PBXContainerItemProxy section */
		DDA02B2C2971A1D4007AE0F3 /* PBXContainerItemProxy */ = {
			isa = PBXContainerItemProxy;
			containerPortal = DDA02B132971A1D2007AE0F3 /* Project object */;
			proxyType = 1;
			remoteGlobalIDString = DDA02B1A2971A1D2007AE0F3;
			remoteInfo = SearchImage;
		};
		DDA02B362971A1D4007AE0F3 /* PBXContainerItemProxy */ = {
			isa = PBXContainerItemProxy;
			containerPortal = DDA02B132971A1D2007AE0F3 /* Project object */;
			proxyType = 1;
			remoteGlobalIDString = DDA02B1A2971A1D2007AE0F3;
			remoteInfo = SearchImage;
		};
/* End PBXContainerItemProxy section */

/* Begin PBXFileReference section */
		DDA02B1B2971A1D2007AE0F3 /* SearchImage.app */ = {isa = PBXFileReference; explicitFileType = wrapper.application; includeInIndex = 0; path = SearchImage.app; sourceTree = BUILT_PRODUCTS_DIR; };
		DDA02B1E2971A1D2007AE0F3 /* SearchImageApp.swift */ = {isa = PBXFileReference; lastKnownFileType = sourcecode.swift; path = SearchImageApp.swift; sourceTree = "<group>"; };
		DDA02B202971A1D2007AE0F3 /* SearchImageView.swift */ = {isa = PBXFileReference; lastKnownFileType = sourcecode.swift; path = SearchImageView.swift; sourceTree = "<group>"; };
		DDA02B222971A1D4007AE0F3 /* Assets.xcassets */ = {isa = PBXFileReference; lastKnownFileType = folder.assetcatalog; path = Assets.xcassets; sourceTree = "<group>"; };
		DDA02B252971A1D4007AE0F3 /* Preview Assets.xcassets */ = {isa = PBXFileReference; lastKnownFileType = folder.assetcatalog; path = "Preview Assets.xcassets"; sourceTree = "<group>"; };
		DDA02B2B2971A1D4007AE0F3 /* SearchImageTests.xctest */ = {isa = PBXFileReference; explicitFileType = wrapper.cfbundle; includeInIndex = 0; path = SearchImageTests.xctest; sourceTree = BUILT_PRODUCTS_DIR; };
		DDA02B2F2971A1D4007AE0F3 /* SearchImageTests.swift */ = {isa = PBXFileReference; lastKnownFileType = sourcecode.swift; path = SearchImageTests.swift; sourceTree = "<group>"; };
		DDA02B352971A1D4007AE0F3 /* SearchImageUITests.xctest */ = {isa = PBXFileReference; explicitFileType = wrapper.cfbundle; includeInIndex = 0; path = SearchImageUITests.xctest; sourceTree = BUILT_PRODUCTS_DIR; };
		DDA02B392971A1D4007AE0F3 /* SearchImageUITests.swift */ = {isa = PBXFileReference; lastKnownFileType = sourcecode.swift; path = SearchImageUITests.swift; sourceTree = "<group>"; };
		DDA02B3B2971A1D4007AE0F3 /* SearchImageUITestsLaunchTests.swift */ = {isa = PBXFileReference; lastKnownFileType = sourcecode.swift; path = SearchImageUITestsLaunchTests.swift; sourceTree = "<group>"; };
		DDF72DE72972569B003591D7 /* String+Extension.swift */ = {isa = PBXFileReference; lastKnownFileType = sourcecode.swift; path = "String+Extension.swift"; sourceTree = "<group>"; };
		DDF72DE9297256A3003591D7 /* Int+Extension.swift */ = {isa = PBXFileReference; lastKnownFileType = sourcecode.swift; path = "Int+Extension.swift"; sourceTree = "<group>"; };
		DDF72DF02973BBB1003591D7 /* ImageDetailView.swift */ = {isa = PBXFileReference; lastKnownFileType = sourcecode.swift; path = ImageDetailView.swift; sourceTree = "<group>"; };
		DDF72DF32973BBC8003591D7 /* ImageDetail.swift */ = {isa = PBXFileReference; lastKnownFileType = sourcecode.swift; path = ImageDetail.swift; sourceTree = "<group>"; };
		DDF72DF52973C051003591D7 /* Info.plist */ = {isa = PBXFileReference; lastKnownFileType = text.plist; path = Info.plist; sourceTree = "<group>"; };
		DDFD0677297252AD00D809C7 /* SearchImage.swift */ = {isa = PBXFileReference; lastKnownFileType = sourcecode.swift; path = SearchImage.swift; sourceTree = "<group>"; };
		DDFD067B2972539800D809C7 /* SearchImageClient.swift */ = {isa = PBXFileReference; lastKnownFileType = sourcecode.swift; path = SearchImageClient.swift; sourceTree = "<group>"; };
		DDFD06832972543F00D809C7 /* SearchImageResponse.swift */ = {isa = PBXFileReference; lastKnownFileType = sourcecode.swift; path = SearchImageResponse.swift; sourceTree = "<group>"; };
/* End PBXFileReference section */

/* Begin PBXFrameworksBuildPhase section */
		DDA02B182971A1D2007AE0F3 /* Frameworks */ = {
			isa = PBXFrameworksBuildPhase;
			buildActionMask = 2147483647;
			files = (
				DDF72DEF29725F13003591D7 /* NukeUI in Frameworks */,
				DDFD06762972529600D809C7 /* ComposableArchitecture in Frameworks */,
				DDF72DED29725F13003591D7 /* Nuke in Frameworks */,
			);
			runOnlyForDeploymentPostprocessing = 0;
		};
		DDA02B282971A1D4007AE0F3 /* Frameworks */ = {
			isa = PBXFrameworksBuildPhase;
			buildActionMask = 2147483647;
			files = (
			);
			runOnlyForDeploymentPostprocessing = 0;
		};
		DDA02B322971A1D4007AE0F3 /* Frameworks */ = {
			isa = PBXFrameworksBuildPhase;
			buildActionMask = 2147483647;
			files = (
			);
			runOnlyForDeploymentPostprocessing = 0;
		};
/* End PBXFrameworksBuildPhase section */

/* Begin PBXGroup section */
		DDA02B122971A1D2007AE0F3 = {
			isa = PBXGroup;
			children = (
				DDA02B1D2971A1D2007AE0F3 /* SearchImage */,
				DDA02B2E2971A1D4007AE0F3 /* SearchImageTests */,
				DDA02B382971A1D4007AE0F3 /* SearchImageUITests */,
				DDA02B1C2971A1D2007AE0F3 /* Products */,
			);
			sourceTree = "<group>";
		};
		DDA02B1C2971A1D2007AE0F3 /* Products */ = {
			isa = PBXGroup;
			children = (
				DDA02B1B2971A1D2007AE0F3 /* SearchImage.app */,
				DDA02B2B2971A1D4007AE0F3 /* SearchImageTests.xctest */,
				DDA02B352971A1D4007AE0F3 /* SearchImageUITests.xctest */,
			);
			name = Products;
			sourceTree = "<group>";
		};
		DDA02B1D2971A1D2007AE0F3 /* SearchImage */ = {
			isa = PBXGroup;
			children = (
				DDF72DF52973C051003591D7 /* Info.plist */,
				DDF72DE629725678003591D7 /* Extension */,
				DDA02B1E2971A1D2007AE0F3 /* SearchImageApp.swift */,
				DDA02B202971A1D2007AE0F3 /* SearchImageView.swift */,
				DDFD0679297252B400D809C7 /* SearchImageCore */,
				DDF72DF02973BBB1003591D7 /* ImageDetailView.swift */,
				DDF72DF22973BBBB003591D7 /* ImageDetailCore */,
				DDFD067A2972538800D809C7 /* Client */,
				DDFD06802972540100D809C7 /* Entity */,
				DDA02B222971A1D4007AE0F3 /* Assets.xcassets */,
				DDA02B242971A1D4007AE0F3 /* Preview Content */,
			);
			path = SearchImage;
			sourceTree = "<group>";
		};
		DDA02B242971A1D4007AE0F3 /* Preview Content */ = {
			isa = PBXGroup;
			children = (
				DDA02B252971A1D4007AE0F3 /* Preview Assets.xcassets */,
			);
			path = "Preview Content";
			sourceTree = "<group>";
		};
		DDA02B2E2971A1D4007AE0F3 /* SearchImageTests */ = {
			isa = PBXGroup;
			children = (
				DDA02B2F2971A1D4007AE0F3 /* SearchImageTests.swift */,
			);
			path = SearchImageTests;
			sourceTree = "<group>";
		};
		DDA02B382971A1D4007AE0F3 /* SearchImageUITests */ = {
			isa = PBXGroup;
			children = (
				DDA02B392971A1D4007AE0F3 /* SearchImageUITests.swift */,
				DDA02B3B2971A1D4007AE0F3 /* SearchImageUITestsLaunchTests.swift */,
			);
			path = SearchImageUITests;
			sourceTree = "<group>";
		};
		DDF72DE629725678003591D7 /* Extension */ = {
			isa = PBXGroup;
			children = (
				DDF72DE72972569B003591D7 /* String+Extension.swift */,
				DDF72DE9297256A3003591D7 /* Int+Extension.swift */,
			);
			path = Extension;
			sourceTree = "<group>";
		};
		DDF72DF22973BBBB003591D7 /* ImageDetailCore */ = {
			isa = PBXGroup;
			children = (
				DDF72DF32973BBC8003591D7 /* ImageDetail.swift */,
			);
			path = ImageDetailCore;
			sourceTree = "<group>";
		};
		DDFD0679297252B400D809C7 /* SearchImageCore */ = {
			isa = PBXGroup;
			children = (
				DDFD0677297252AD00D809C7 /* SearchImage.swift */,
			);
			path = SearchImageCore;
			sourceTree = "<group>";
		};
		DDFD067A2972538800D809C7 /* Client */ = {
			isa = PBXGroup;
			children = (
				DDFD067B2972539800D809C7 /* SearchImageClient.swift */,
			);
			path = Client;
			sourceTree = "<group>";
		};
		DDFD06802972540100D809C7 /* Entity */ = {
			isa = PBXGroup;
			children = (
				DDFD06832972543F00D809C7 /* SearchImageResponse.swift */,
			);
			path = Entity;
			sourceTree = "<group>";
		};
/* End PBXGroup section */

/* Begin PBXNativeTarget section */
		DDA02B1A2971A1D2007AE0F3 /* SearchImage */ = {
			isa = PBXNativeTarget;
			buildConfigurationList = DDA02B3F2971A1D4007AE0F3 /* Build configuration list for PBXNativeTarget "SearchImage" */;
			buildPhases = (
				DDA02B172971A1D2007AE0F3 /* Sources */,
				DDA02B182971A1D2007AE0F3 /* Frameworks */,
				DDA02B192971A1D2007AE0F3 /* Resources */,
			);
			buildRules = (
			);
			dependencies = (
			);
			name = SearchImage;
			packageProductDependencies = (
				DDFD06752972529600D809C7 /* ComposableArchitecture */,
				DDF72DEC29725F13003591D7 /* Nuke */,
				DDF72DEE29725F13003591D7 /* NukeUI */,
			);
			productName = SearchImage;
			productReference = DDA02B1B2971A1D2007AE0F3 /* SearchImage.app */;
			productType = "com.apple.product-type.application";
		};
		DDA02B2A2971A1D4007AE0F3 /* SearchImageTests */ = {
			isa = PBXNativeTarget;
			buildConfigurationList = DDA02B422971A1D4007AE0F3 /* Build configuration list for PBXNativeTarget "SearchImageTests" */;
			buildPhases = (
				DDA02B272971A1D4007AE0F3 /* Sources */,
				DDA02B282971A1D4007AE0F3 /* Frameworks */,
				DDA02B292971A1D4007AE0F3 /* Resources */,
			);
			buildRules = (
			);
			dependencies = (
				DDA02B2D2971A1D4007AE0F3 /* PBXTargetDependency */,
			);
			name = SearchImageTests;
			productName = SearchImageTests;
			productReference = DDA02B2B2971A1D4007AE0F3 /* SearchImageTests.xctest */;
			productType = "com.apple.product-type.bundle.unit-test";
		};
		DDA02B342971A1D4007AE0F3 /* SearchImageUITests */ = {
			isa = PBXNativeTarget;
			buildConfigurationList = DDA02B452971A1D4007AE0F3 /* Build configuration list for PBXNativeTarget "SearchImageUITests" */;
			buildPhases = (
				DDA02B312971A1D4007AE0F3 /* Sources */,
				DDA02B322971A1D4007AE0F3 /* Frameworks */,
				DDA02B332971A1D4007AE0F3 /* Resources */,
			);
			buildRules = (
			);
			dependencies = (
				DDA02B372971A1D4007AE0F3 /* PBXTargetDependency */,
			);
			name = SearchImageUITests;
			productName = SearchImageUITests;
			productReference = DDA02B352971A1D4007AE0F3 /* SearchImageUITests.xctest */;
			productType = "com.apple.product-type.bundle.ui-testing";
		};
/* End PBXNativeTarget section */

/* Begin PBXProject section */
		DDA02B132971A1D2007AE0F3 /* Project object */ = {
			isa = PBXProject;
			attributes = {
				BuildIndependentTargetsInParallel = 1;
				LastSwiftUpdateCheck = 1410;
				LastUpgradeCheck = 1410;
				TargetAttributes = {
					DDA02B1A2971A1D2007AE0F3 = {
						CreatedOnToolsVersion = 14.1;
					};
					DDA02B2A2971A1D4007AE0F3 = {
						CreatedOnToolsVersion = 14.1;
						TestTargetID = DDA02B1A2971A1D2007AE0F3;
					};
					DDA02B342971A1D4007AE0F3 = {
						CreatedOnToolsVersion = 14.1;
						TestTargetID = DDA02B1A2971A1D2007AE0F3;
					};
				};
			};
			buildConfigurationList = DDA02B162971A1D2007AE0F3 /* Build configuration list for PBXProject "SearchImage" */;
			compatibilityVersion = "Xcode 14.0";
			developmentRegion = en;
			hasScannedForEncodings = 0;
			knownRegions = (
				en,
				Base,
			);
			mainGroup = DDA02B122971A1D2007AE0F3;
			packageReferences = (
				DDFD06742972529600D809C7 /* XCRemoteSwiftPackageReference "swift-composable-architecture" */,
				DDF72DEB29725F13003591D7 /* XCRemoteSwiftPackageReference "Nuke" */,
			);
			productRefGroup = DDA02B1C2971A1D2007AE0F3 /* Products */;
			projectDirPath = "";
			projectRoot = "";
			targets = (
				DDA02B1A2971A1D2007AE0F3 /* SearchImage */,
				DDA02B2A2971A1D4007AE0F3 /* SearchImageTests */,
				DDA02B342971A1D4007AE0F3 /* SearchImageUITests */,
			);
		};
/* End PBXProject section */

/* Begin PBXResourcesBuildPhase section */
		DDA02B192971A1D2007AE0F3 /* Resources */ = {
			isa = PBXResourcesBuildPhase;
			buildActionMask = 2147483647;
			files = (
				DDA02B262971A1D4007AE0F3 /* Preview Assets.xcassets in Resources */,
				DDA02B232971A1D4007AE0F3 /* Assets.xcassets in Resources */,
			);
			runOnlyForDeploymentPostprocessing = 0;
		};
		DDA02B292971A1D4007AE0F3 /* Resources */ = {
			isa = PBXResourcesBuildPhase;
			buildActionMask = 2147483647;
			files = (
			);
			runOnlyForDeploymentPostprocessing = 0;
		};
		DDA02B332971A1D4007AE0F3 /* Resources */ = {
			isa = PBXResourcesBuildPhase;
			buildActionMask = 2147483647;
			files = (
			);
			runOnlyForDeploymentPostprocessing = 0;
		};
/* End PBXResourcesBuildPhase section */

/* Begin PBXSourcesBuildPhase section */
		DDA02B172971A1D2007AE0F3 /* Sources */ = {
			isa = PBXSourcesBuildPhase;
			buildActionMask = 2147483647;
			files = (
				DDFD06842972543F00D809C7 /* SearchImageResponse.swift in Sources */,
				DDF72DF12973BBB1003591D7 /* ImageDetailView.swift in Sources */,
				DDA02B212971A1D2007AE0F3 /* SearchImageView.swift in Sources */,
				DDA02B1F2971A1D2007AE0F3 /* SearchImageApp.swift in Sources */,
				DDF72DEA297256A3003591D7 /* Int+Extension.swift in Sources */,
				DDFD067C2972539800D809C7 /* SearchImageClient.swift in Sources */,
				DDF72DF42973BBC8003591D7 /* ImageDetail.swift in Sources */,
				DDF72DE82972569B003591D7 /* String+Extension.swift in Sources */,
				DDFD0678297252AD00D809C7 /* SearchImage.swift in Sources */,
			);
			runOnlyForDeploymentPostprocessing = 0;
		};
		DDA02B272971A1D4007AE0F3 /* Sources */ = {
			isa = PBXSourcesBuildPhase;
			buildActionMask = 2147483647;
			files = (
				DDA02B302971A1D4007AE0F3 /* SearchImageTests.swift in Sources */,
			);
			runOnlyForDeploymentPostprocessing = 0;
		};
		DDA02B312971A1D4007AE0F3 /* Sources */ = {
			isa = PBXSourcesBuildPhase;
			buildActionMask = 2147483647;
			files = (
				DDA02B3C2971A1D4007AE0F3 /* SearchImageUITestsLaunchTests.swift in Sources */,
				DDA02B3A2971A1D4007AE0F3 /* SearchImageUITests.swift in Sources */,
			);
			runOnlyForDeploymentPostprocessing = 0;
		};
/* End PBXSourcesBuildPhase section */

/* Begin PBXTargetDependency section */
		DDA02B2D2971A1D4007AE0F3 /* PBXTargetDependency */ = {
			isa = PBXTargetDependency;
			target = DDA02B1A2971A1D2007AE0F3 /* SearchImage */;
			targetProxy = DDA02B2C2971A1D4007AE0F3 /* PBXContainerItemProxy */;
		};
		DDA02B372971A1D4007AE0F3 /* PBXTargetDependency */ = {
			isa = PBXTargetDependency;
			target = DDA02B1A2971A1D2007AE0F3 /* SearchImage */;
			targetProxy = DDA02B362971A1D4007AE0F3 /* PBXContainerItemProxy */;
		};
/* End PBXTargetDependency section */

/* Begin XCBuildConfiguration section */
		DDA02B3D2971A1D4007AE0F3 /* Debug */ = {
			isa = XCBuildConfiguration;
			buildSettings = {
				ALWAYS_SEARCH_USER_PATHS = NO;
				CLANG_ANALYZER_NONNULL = YES;
				CLANG_ANALYZER_NUMBER_OBJECT_CONVERSION = YES_AGGRESSIVE;
				CLANG_CXX_LANGUAGE_STANDARD = "gnu++20";
				CLANG_ENABLE_MODULES = YES;
				CLANG_ENABLE_OBJC_ARC = YES;
				CLANG_ENABLE_OBJC_WEAK = YES;
				CLANG_WARN_BLOCK_CAPTURE_AUTORELEASING = YES;
				CLANG_WARN_BOOL_CONVERSION = YES;
				CLANG_WARN_COMMA = YES;
				CLANG_WARN_CONSTANT_CONVERSION = YES;
				CLANG_WARN_DEPRECATED_OBJC_IMPLEMENTATIONS = YES;
				CLANG_WARN_DIRECT_OBJC_ISA_USAGE = YES_ERROR;
				CLANG_WARN_DOCUMENTATION_COMMENTS = YES;
				CLANG_WARN_EMPTY_BODY = YES;
				CLANG_WARN_ENUM_CONVERSION = YES;
				CLANG_WARN_INFINITE_RECURSION = YES;
				CLANG_WARN_INT_CONVERSION = YES;
				CLANG_WARN_NON_LITERAL_NULL_CONVERSION = YES;
				CLANG_WARN_OBJC_IMPLICIT_RETAIN_SELF = YES;
				CLANG_WARN_OBJC_LITERAL_CONVERSION = YES;
				CLANG_WARN_OBJC_ROOT_CLASS = YES_ERROR;
				CLANG_WARN_QUOTED_INCLUDE_IN_FRAMEWORK_HEADER = YES;
				CLANG_WARN_RANGE_LOOP_ANALYSIS = YES;
				CLANG_WARN_STRICT_PROTOTYPES = YES;
				CLANG_WARN_SUSPICIOUS_MOVE = YES;
				CLANG_WARN_UNGUARDED_AVAILABILITY = YES_AGGRESSIVE;
				CLANG_WARN_UNREACHABLE_CODE = YES;
				CLANG_WARN__DUPLICATE_METHOD_MATCH = YES;
				COPY_PHASE_STRIP = NO;
				DEBUG_INFORMATION_FORMAT = dwarf;
				ENABLE_STRICT_OBJC_MSGSEND = YES;
				ENABLE_TESTABILITY = YES;
				GCC_C_LANGUAGE_STANDARD = gnu11;
				GCC_DYNAMIC_NO_PIC = NO;
				GCC_NO_COMMON_BLOCKS = YES;
				GCC_OPTIMIZATION_LEVEL = 0;
				GCC_PREPROCESSOR_DEFINITIONS = (
					"DEBUG=1",
					"$(inherited)",
				);
				GCC_WARN_64_TO_32_BIT_CONVERSION = YES;
				GCC_WARN_ABOUT_RETURN_TYPE = YES_ERROR;
				GCC_WARN_UNDECLARED_SELECTOR = YES;
				GCC_WARN_UNINITIALIZED_AUTOS = YES_AGGRESSIVE;
				GCC_WARN_UNUSED_FUNCTION = YES;
				GCC_WARN_UNUSED_VARIABLE = YES;
				IPHONEOS_DEPLOYMENT_TARGET = 16.1;
				MTL_ENABLE_DEBUG_INFO = INCLUDE_SOURCE;
				MTL_FAST_MATH = YES;
				ONLY_ACTIVE_ARCH = YES;
				SDKROOT = iphoneos;
				SWIFT_ACTIVE_COMPILATION_CONDITIONS = DEBUG;
				SWIFT_OPTIMIZATION_LEVEL = "-Onone";
			};
			name = Debug;
		};
		DDA02B3E2971A1D4007AE0F3 /* Release */ = {
			isa = XCBuildConfiguration;
			buildSettings = {
				ALWAYS_SEARCH_USER_PATHS = NO;
				CLANG_ANALYZER_NONNULL = YES;
				CLANG_ANALYZER_NUMBER_OBJECT_CONVERSION = YES_AGGRESSIVE;
				CLANG_CXX_LANGUAGE_STANDARD = "gnu++20";
				CLANG_ENABLE_MODULES = YES;
				CLANG_ENABLE_OBJC_ARC = YES;
				CLANG_ENABLE_OBJC_WEAK = YES;
				CLANG_WARN_BLOCK_CAPTURE_AUTORELEASING = YES;
				CLANG_WARN_BOOL_CONVERSION = YES;
				CLANG_WARN_COMMA = YES;
				CLANG_WARN_CONSTANT_CONVERSION = YES;
				CLANG_WARN_DEPRECATED_OBJC_IMPLEMENTATIONS = YES;
				CLANG_WARN_DIRECT_OBJC_ISA_USAGE = YES_ERROR;
				CLANG_WARN_DOCUMENTATION_COMMENTS = YES;
				CLANG_WARN_EMPTY_BODY = YES;
				CLANG_WARN_ENUM_CONVERSION = YES;
				CLANG_WARN_INFINITE_RECURSION = YES;
				CLANG_WARN_INT_CONVERSION = YES;
				CLANG_WARN_NON_LITERAL_NULL_CONVERSION = YES;
				CLANG_WARN_OBJC_IMPLICIT_RETAIN_SELF = YES;
				CLANG_WARN_OBJC_LITERAL_CONVERSION = YES;
				CLANG_WARN_OBJC_ROOT_CLASS = YES_ERROR;
				CLANG_WARN_QUOTED_INCLUDE_IN_FRAMEWORK_HEADER = YES;
				CLANG_WARN_RANGE_LOOP_ANALYSIS = YES;
				CLANG_WARN_STRICT_PROTOTYPES = YES;
				CLANG_WARN_SUSPICIOUS_MOVE = YES;
				CLANG_WARN_UNGUARDED_AVAILABILITY = YES_AGGRESSIVE;
				CLANG_WARN_UNREACHABLE_CODE = YES;
				CLANG_WARN__DUPLICATE_METHOD_MATCH = YES;
				COPY_PHASE_STRIP = NO;
				DEBUG_INFORMATION_FORMAT = "dwarf-with-dsym";
				ENABLE_NS_ASSERTIONS = NO;
				ENABLE_STRICT_OBJC_MSGSEND = YES;
				GCC_C_LANGUAGE_STANDARD = gnu11;
				GCC_NO_COMMON_BLOCKS = YES;
				GCC_WARN_64_TO_32_BIT_CONVERSION = YES;
				GCC_WARN_ABOUT_RETURN_TYPE = YES_ERROR;
				GCC_WARN_UNDECLARED_SELECTOR = YES;
				GCC_WARN_UNINITIALIZED_AUTOS = YES_AGGRESSIVE;
				GCC_WARN_UNUSED_FUNCTION = YES;
				GCC_WARN_UNUSED_VARIABLE = YES;
				IPHONEOS_DEPLOYMENT_TARGET = 16.1;
				MTL_ENABLE_DEBUG_INFO = NO;
				MTL_FAST_MATH = YES;
				SDKROOT = iphoneos;
				SWIFT_COMPILATION_MODE = wholemodule;
				SWIFT_OPTIMIZATION_LEVEL = "-O";
				VALIDATE_PRODUCT = YES;
			};
			name = Release;
		};
		DDA02B402971A1D4007AE0F3 /* Debug */ = {
			isa = XCBuildConfiguration;
			buildSettings = {
				ASSETCATALOG_COMPILER_APPICON_NAME = AppIcon;
				ASSETCATALOG_COMPILER_GLOBAL_ACCENT_COLOR_NAME = AccentColor;
				CODE_SIGN_STYLE = Automatic;
				CURRENT_PROJECT_VERSION = 1;
				DEVELOPMENT_ASSET_PATHS = "\"SearchImage/Preview Content\"";
				DEVELOPMENT_TEAM = XLTUC52FU8;
				ENABLE_PREVIEWS = YES;
				GENERATE_INFOPLIST_FILE = YES;
				INFOPLIST_FILE = SearchImage/Info.plist;
				INFOPLIST_KEY_UIApplicationSceneManifest_Generation = YES;
				INFOPLIST_KEY_UIApplicationSupportsIndirectInputEvents = YES;
				INFOPLIST_KEY_UILaunchScreen_Generation = YES;
				INFOPLIST_KEY_UISupportedInterfaceOrientations_iPad = "UIInterfaceOrientationPortrait UIInterfaceOrientationPortraitUpsideDown UIInterfaceOrientationLandscapeLeft UIInterfaceOrientationLandscapeRight";
				INFOPLIST_KEY_UISupportedInterfaceOrientations_iPhone = "UIInterfaceOrientationPortrait UIInterfaceOrientationLandscapeLeft UIInterfaceOrientationLandscapeRight";
				LD_RUNPATH_SEARCH_PATHS = (
					"$(inherited)",
					"@executable_path/Frameworks",
				);
				MARKETING_VERSION = 1.0;
				PRODUCT_BUNDLE_IDENTIFIER = dev.notbusy.SearchImage;
				PRODUCT_NAME = "$(TARGET_NAME)";
				SWIFT_EMIT_LOC_STRINGS = YES;
				SWIFT_VERSION = 5.0;
				TARGETED_DEVICE_FAMILY = "1,2";
			};
			name = Debug;
		};
		DDA02B412971A1D4007AE0F3 /* Release */ = {
			isa = XCBuildConfiguration;
			buildSettings = {
				ASSETCATALOG_COMPILER_APPICON_NAME = AppIcon;
				ASSETCATALOG_COMPILER_GLOBAL_ACCENT_COLOR_NAME = AccentColor;
				CODE_SIGN_STYLE = Automatic;
				CURRENT_PROJECT_VERSION = 1;
				DEVELOPMENT_ASSET_PATHS = "\"SearchImage/Preview Content\"";
				DEVELOPMENT_TEAM = XLTUC52FU8;
				ENABLE_PREVIEWS = YES;
				GENERATE_INFOPLIST_FILE = YES;
				INFOPLIST_FILE = SearchImage/Info.plist;
				INFOPLIST_KEY_UIApplicationSceneManifest_Generation = YES;
				INFOPLIST_KEY_UIApplicationSupportsIndirectInputEvents = YES;
				INFOPLIST_KEY_UILaunchScreen_Generation = YES;
				INFOPLIST_KEY_UISupportedInterfaceOrientations_iPad = "UIInterfaceOrientationPortrait UIInterfaceOrientationPortraitUpsideDown UIInterfaceOrientationLandscapeLeft UIInterfaceOrientationLandscapeRight";
				INFOPLIST_KEY_UISupportedInterfaceOrientations_iPhone = "UIInterfaceOrientationPortrait UIInterfaceOrientationLandscapeLeft UIInterfaceOrientationLandscapeRight";
				LD_RUNPATH_SEARCH_PATHS = (
					"$(inherited)",
					"@executable_path/Frameworks",
				);
				MARKETING_VERSION = 1.0;
				PRODUCT_BUNDLE_IDENTIFIER = dev.notbusy.SearchImage;
				PRODUCT_NAME = "$(TARGET_NAME)";
				SWIFT_EMIT_LOC_STRINGS = YES;
				SWIFT_VERSION = 5.0;
				TARGETED_DEVICE_FAMILY = "1,2";
			};
			name = Release;
		};
		DDA02B432971A1D4007AE0F3 /* Debug */ = {
			isa = XCBuildConfiguration;
			buildSettings = {
				ALWAYS_EMBED_SWIFT_STANDARD_LIBRARIES = YES;
				BUNDLE_LOADER = "$(TEST_HOST)";
				CODE_SIGN_STYLE = Automatic;
				CURRENT_PROJECT_VERSION = 1;
				DEVELOPMENT_TEAM = XLTUC52FU8;
				GENERATE_INFOPLIST_FILE = YES;
				IPHONEOS_DEPLOYMENT_TARGET = 16.1;
				MARKETING_VERSION = 1.0;
				PRODUCT_BUNDLE_IDENTIFIER = dev.notbusy.SearchImageTests;
				PRODUCT_NAME = "$(TARGET_NAME)";
				SWIFT_EMIT_LOC_STRINGS = NO;
				SWIFT_VERSION = 5.0;
				TARGETED_DEVICE_FAMILY = "1,2";
				TEST_HOST = "$(BUILT_PRODUCTS_DIR)/SearchImage.app/$(BUNDLE_EXECUTABLE_FOLDER_PATH)/SearchImage";
			};
			name = Debug;
		};
		DDA02B442971A1D4007AE0F3 /* Release */ = {
			isa = XCBuildConfiguration;
			buildSettings = {
				ALWAYS_EMBED_SWIFT_STANDARD_LIBRARIES = YES;
				BUNDLE_LOADER = "$(TEST_HOST)";
				CODE_SIGN_STYLE = Automatic;
				CURRENT_PROJECT_VERSION = 1;
				DEVELOPMENT_TEAM = XLTUC52FU8;
				GENERATE_INFOPLIST_FILE = YES;
				IPHONEOS_DEPLOYMENT_TARGET = 16.1;
				MARKETING_VERSION = 1.0;
				PRODUCT_BUNDLE_IDENTIFIER = dev.notbusy.SearchImageTests;
				PRODUCT_NAME = "$(TARGET_NAME)";
				SWIFT_EMIT_LOC_STRINGS = NO;
				SWIFT_VERSION = 5.0;
				TARGETED_DEVICE_FAMILY = "1,2";
				TEST_HOST = "$(BUILT_PRODUCTS_DIR)/SearchImage.app/$(BUNDLE_EXECUTABLE_FOLDER_PATH)/SearchImage";
			};
			name = Release;
		};
		DDA02B462971A1D4007AE0F3 /* Debug */ = {
			isa = XCBuildConfiguration;
			buildSettings = {
				ALWAYS_EMBED_SWIFT_STANDARD_LIBRARIES = YES;
				CODE_SIGN_STYLE = Automatic;
				CURRENT_PROJECT_VERSION = 1;
				DEVELOPMENT_TEAM = XLTUC52FU8;
				GENERATE_INFOPLIST_FILE = YES;
				MARKETING_VERSION = 1.0;
				PRODUCT_BUNDLE_IDENTIFIER = dev.notbusy.SearchImageUITests;
				PRODUCT_NAME = "$(TARGET_NAME)";
				SWIFT_EMIT_LOC_STRINGS = NO;
				SWIFT_VERSION = 5.0;
				TARGETED_DEVICE_FAMILY = "1,2";
				TEST_TARGET_NAME = SearchImage;
			};
			name = Debug;
		};
		DDA02B472971A1D4007AE0F3 /* Release */ = {
			isa = XCBuildConfiguration;
			buildSettings = {
				ALWAYS_EMBED_SWIFT_STANDARD_LIBRARIES = YES;
				CODE_SIGN_STYLE = Automatic;
				CURRENT_PROJECT_VERSION = 1;
				DEVELOPMENT_TEAM = XLTUC52FU8;
				GENERATE_INFOPLIST_FILE = YES;
				MARKETING_VERSION = 1.0;
				PRODUCT_BUNDLE_IDENTIFIER = dev.notbusy.SearchImageUITests;
				PRODUCT_NAME = "$(TARGET_NAME)";
				SWIFT_EMIT_LOC_STRINGS = NO;
				SWIFT_VERSION = 5.0;
				TARGETED_DEVICE_FAMILY = "1,2";
				TEST_TARGET_NAME = SearchImage;
			};
			name = Release;
		};
/* End XCBuildConfiguration section */

/* Begin XCConfigurationList section */
		DDA02B162971A1D2007AE0F3 /* Build configuration list for PBXProject "SearchImage" */ = {
			isa = XCConfigurationList;
			buildConfigurations = (
				DDA02B3D2971A1D4007AE0F3 /* Debug */,
				DDA02B3E2971A1D4007AE0F3 /* Release */,
			);
			defaultConfigurationIsVisible = 0;
			defaultConfigurationName = Release;
		};
		DDA02B3F2971A1D4007AE0F3 /* Build configuration list for PBXNativeTarget "SearchImage" */ = {
			isa = XCConfigurationList;
			buildConfigurations = (
				DDA02B402971A1D4007AE0F3 /* Debug */,
				DDA02B412971A1D4007AE0F3 /* Release */,
			);
			defaultConfigurationIsVisible = 0;
			defaultConfigurationName = Release;
		};
		DDA02B422971A1D4007AE0F3 /* Build configuration list for PBXNativeTarget "SearchImageTests" */ = {
			isa = XCConfigurationList;
			buildConfigurations = (
				DDA02B432971A1D4007AE0F3 /* Debug */,
				DDA02B442971A1D4007AE0F3 /* Release */,
			);
			defaultConfigurationIsVisible = 0;
			defaultConfigurationName = Release;
		};
		DDA02B452971A1D4007AE0F3 /* Build configuration list for PBXNativeTarget "SearchImageUITests" */ = {
			isa = XCConfigurationList;
			buildConfigurations = (
				DDA02B462971A1D4007AE0F3 /* Debug */,
				DDA02B472971A1D4007AE0F3 /* Release */,
			);
			defaultConfigurationIsVisible = 0;
			defaultConfigurationName = Release;
		};
/* End XCConfigurationList section */

/* Begin XCRemoteSwiftPackageReference section */
		DDF72DEB29725F13003591D7 /* XCRemoteSwiftPackageReference "Nuke" */ = {
			isa = XCRemoteSwiftPackageReference;
			repositoryURL = "https://github.com/kean/Nuke";
			requirement = {
				kind = exactVersion;
				version = 11.5.3;
			};
		};
		DDFD06742972529600D809C7 /* XCRemoteSwiftPackageReference "swift-composable-architecture" */ = {
			isa = XCRemoteSwiftPackageReference;
			repositoryURL = "https://github.com/pointfreeco/swift-composable-architecture";
			requirement = {
				kind = exactVersion;
				version = 0.49.2;
			};
		};
/* End XCRemoteSwiftPackageReference section */

/* Begin XCSwiftPackageProductDependency section */
		DDF72DEC29725F13003591D7 /* Nuke */ = {
			isa = XCSwiftPackageProductDependency;
			package = DDF72DEB29725F13003591D7 /* XCRemoteSwiftPackageReference "Nuke" */;
			productName = Nuke;
		};
		DDF72DEE29725F13003591D7 /* NukeUI */ = {
			isa = XCSwiftPackageProductDependency;
			package = DDF72DEB29725F13003591D7 /* XCRemoteSwiftPackageReference "Nuke" */;
			productName = NukeUI;
		};
		DDFD06752972529600D809C7 /* ComposableArchitecture */ = {
			isa = XCSwiftPackageProductDependency;
			package = DDFD06742972529600D809C7 /* XCRemoteSwiftPackageReference "swift-composable-architecture" */;
			productName = ComposableArchitecture;
		};
/* End XCSwiftPackageProductDependency section */
	};
	rootObject = DDA02B132971A1D2007AE0F3 /* Project object */;
}
